
Microsoft Visual Studio Solution File, Format Version 12.00
# Visual Studio Version 17
VisualStudioVersion = 17.4.33213.308
MinimumVisualStudioVersion = 10.0.40219.1
Project("{8BC9CEB8-8B4A-11D0-8D11-00A0C91BC942}") = "mincodin", "mincodin\mincodin.vcxproj", "{AF42533B-6E8E-4EFF-9514-45B55BB0A294}"
EndProject
Global
	GlobalSection(SolutionConfigurationPlatforms) = preSolution
		Debug|x64 = Debug|x64
		Debug|x86 = Debug|x86
		Release|x64 = Release|x64
		Release|x86 = Release|x86
	EndGlobalSection
	GlobalSection(ProjectConfigurationPlatforms) = postSolution
		{AF42533B-6E8E-4EFF-9514-45B55BB0A294}.Debug|x64.ActiveCfg = Debug|x64
		{AF42533B-6E8E-4EFF-9514-45B55BB0A294}.Debug|x64.Build.0 = Debug|x64
		{AF42533B-6E8E-4EFF-9514-45B55BB0A294}.Debug|x86.ActiveCfg = Debug|Win32
		{AF42533B-6E8E-4EFF-9514-45B55BB0A294}.Debug|x86.Build.0 = Debug|Win32
		{AF42533B-6E8E-4EFF-9514-45B55BB0A294}.Release|x64.ActiveCfg = Release|x64
		{AF42533B-6E8E-4EFF-9514-45B55BB0A294}.Release|x64.Build.0 = Release|x64
		{AF42533B-6E8E-4EFF-9514-45B55BB0A294}.Release|x86.ActiveCfg = Release|Win32
		{AF42533B-6E8E-4EFF-9514-45B55BB0A294}.Release|x86.Build.0 = Release|Win32
	EndGlobalSection
	GlobalSection(SolutionProperties) = preSolution
		HideSolutionNode = FALSE
	EndGlobalSection
	GlobalSection(ExtensibilityGlobals) = postSolution
		SolutionGuid = {5185F6DA-D730-4A34-891F-5C746B819C14}
	EndGlobalSection
EndGlobal
